
Microsoft Visual Studio Solution File, Format Version 12.00
# Visual Studio 14
VisualStudioVersion = 14.0.24720.0
MinimumVisualStudioVersion = 10.0.40219.1
Project("{FAE04EC0-301F-11D3-BF4B-00C04F79EFBC}") = "FindShop.Api", "FindShop.Api\FindShop.Api.csproj", "{34C01399-1F48-4C10-A0CF-7164E42FB928}"
EndProject
Project("{FAE04EC0-301F-11D3-BF4B-00C04F79EFBC}") = "FindShop.Api.Tests", "FindShop.Api.Tests\FindShop.Api.Tests.csproj", "{47BE21AB-4CE3-4CCE-8007-10BB2D5DE420}"
EndProject
Project("{FAE04EC0-301F-11D3-BF4B-00C04F79EFBC}") = "FindShop.Model", "FindShop.Model\FindShop.Model.csproj", "{6B63F488-B993-47DC-994C-D161CC6F44D5}"
EndProject
Project("{FAE04EC0-301F-11D3-BF4B-00C04F79EFBC}") = "FindShop.Scraper", "FindShop.Scraper\FindShop.Scraper.csproj", "{CD964005-E75A-468B-AF94-9986BB66A52A}"
EndProject
Project("{FAE04EC0-301F-11D3-BF4B-00C04F79EFBC}") = "FindShop.Admin", "FindShop.Admin\FindShop.Admin.csproj", "{2D744A19-5000-4C31-9784-20B110044D14}"
EndProject
Global
	GlobalSection(SolutionConfigurationPlatforms) = preSolution
		Debug|Any CPU = Debug|Any CPU
		Release|Any CPU = Release|Any CPU
	EndGlobalSection
	GlobalSection(ProjectConfigurationPlatforms) = postSolution
		{34C01399-1F48-4C10-A0CF-7164E42FB928}.Debug|Any CPU.ActiveCfg = Debug|Any CPU
		{34C01399-1F48-4C10-A0CF-7164E42FB928}.Debug|Any CPU.Build.0 = Debug|Any CPU
		{34C01399-1F48-4C10-A0CF-7164E42FB928}.Release|Any CPU.ActiveCfg = Release|Any CPU
		{34C01399-1F48-4C10-A0CF-7164E42FB928}.Release|Any CPU.Build.0 = Release|Any CPU
		{47BE21AB-4CE3-4CCE-8007-10BB2D5DE420}.Debug|Any CPU.ActiveCfg = Debug|Any CPU
		{47BE21AB-4CE3-4CCE-8007-10BB2D5DE420}.Debug|Any CPU.Build.0 = Debug|Any CPU
		{47BE21AB-4CE3-4CCE-8007-10BB2D5DE420}.Release|Any CPU.ActiveCfg = Release|Any CPU
		{47BE21AB-4CE3-4CCE-8007-10BB2D5DE420}.Release|Any CPU.Build.0 = Release|Any CPU
		{6B63F488-B993-47DC-994C-D161CC6F44D5}.Debug|Any CPU.ActiveCfg = Debug|Any CPU
		{6B63F488-B993-47DC-994C-D161CC6F44D5}.Debug|Any CPU.Build.0 = Debug|Any CPU
		{6B63F488-B993-47DC-994C-D161CC6F44D5}.Release|Any CPU.ActiveCfg = Release|Any CPU
		{6B63F488-B993-47DC-994C-D161CC6F44D5}.Release|Any CPU.Build.0 = Release|Any CPU
		{CD964005-E75A-468B-AF94-9986BB66A52A}.Debug|Any CPU.ActiveCfg = Debug|Any CPU
		{CD964005-E75A-468B-AF94-9986BB66A52A}.Debug|Any CPU.Build.0 = Debug|Any CPU
		{CD964005-E75A-468B-AF94-9986BB66A52A}.Release|Any CPU.ActiveCfg = Release|Any CPU
		{CD964005-E75A-468B-AF94-9986BB66A52A}.Release|Any CPU.Build.0 = Release|Any CPU
		{2D744A19-5000-4C31-9784-20B110044D14}.Debug|Any CPU.ActiveCfg = Debug|Any CPU
		{2D744A19-5000-4C31-9784-20B110044D14}.Debug|Any CPU.Build.0 = Debug|Any CPU
		{2D744A19-5000-4C31-9784-20B110044D14}.Release|Any CPU.ActiveCfg = Release|Any CPU
		{2D744A19-5000-4C31-9784-20B110044D14}.Release|Any CPU.Build.0 = Release|Any CPU
	EndGlobalSection
	GlobalSection(SolutionProperties) = preSolution
		HideSolutionNode = FALSE
	EndGlobalSection
EndGlobal
